
Microsoft Visual Studio Solution File, Format Version 12.00
# Visual Studio Version 16
VisualStudioVersion = 16.0.31112.23
MinimumVisualStudioVersion = 10.0.40219.1
Project("{2150E333-8FDC-42A3-9474-1A3956D46DE8}") = "1 - Presentation", "1 - Presentation", "{0E1DAF0B-8E70-4911-ADAB-4E9BB668E0C8}"
EndProject
Project("{2150E333-8FDC-42A3-9474-1A3956D46DE8}") = "2 - Application", "2 - Application", "{5E9E3347-D11D-46A1-B863-A39E43AF680F}"
EndProject
Project("{2150E333-8FDC-42A3-9474-1A3956D46DE8}") = "3 - Domain", "3 - Domain", "{D11E251C-8B8F-4C41-9DE6-4AC65D0E4AA1}"
EndProject
Project("{2150E333-8FDC-42A3-9474-1A3956D46DE8}") = "5 - Entities", "5 - Entities", "{D8CB9F66-FCF8-4360-BECB-1EBA7EB817CE}"
EndProject
Project("{9A19103F-16F7-4668-BE54-9A1E7A4F7556}") = "Entities", "Entities\Entities.csproj", "{E3C7520D-AE41-4874-85A4-37C9759B5B90}"
EndProject
Project("{9A19103F-16F7-4668-BE54-9A1E7A4F7556}") = "Domain", "Domain\Domain.csproj", "{6765CB12-18FD-4DDE-8346-52366B55E5B6}"
EndProject
Project("{9A19103F-16F7-4668-BE54-9A1E7A4F7556}") = "ApplicationApp", "ApplicationApp\ApplicationApp.csproj", "{104A643B-4754-46F7-8E25-9EA0399B5181}"
EndProject
Project("{9A19103F-16F7-4668-BE54-9A1E7A4F7556}") = "Infrastructure", "Infrastructure\Infrastructure.csproj", "{CABB4CF8-611A-48A6-AF03-84DFFA5A0175}"
EndProject
Project("{2150E333-8FDC-42A3-9474-1A3956D46DE8}") = "4 - Infra", "4 - Infra", "{5A93B1D6-E059-49F0-A616-F35BDB8C2492}"
EndProject
Project("{9A19103F-16F7-4668-BE54-9A1E7A4F7556}") = "Web_ECommerce", "Web_ECommerce\Web_ECommerce.csproj", "{876FD9B4-C5EA-4166-8875-643332BC39BF}"
EndProject
Project("{2150E333-8FDC-42A3-9474-1A3956D46DE8}") = "6 - Test", "6 - Test", "{8038B60C-6CBE-4FCD-A7C1-A43D96D4A721}"
EndProject
Project("{9A19103F-16F7-4668-BE54-9A1E7A4F7556}") = "UnitTestEcommerceDDD", "UnitTestEcommerceDDD\UnitTestEcommerceDDD.csproj", "{55248802-6062-4AA9-820E-152E2CD6A4A1}"
EndProject
Project("{FAE04EC0-301F-11D3-BF4B-00C04F79EFBC}") = "ConsumoAPI", "ConsumoAPI\ConsumoAPI.csproj", "{5DEB02BB-46B9-4991-B59D-1ADD58CA3C43}"
EndProject
Global
	GlobalSection(SolutionConfigurationPlatforms) = preSolution
		Debug|Any CPU = Debug|Any CPU
		Release|Any CPU = Release|Any CPU
	EndGlobalSection
	GlobalSection(ProjectConfigurationPlatforms) = postSolution
		{E3C7520D-AE41-4874-85A4-37C9759B5B90}.Debug|Any CPU.ActiveCfg = Debug|Any CPU
		{E3C7520D-AE41-4874-85A4-37C9759B5B90}.Debug|Any CPU.Build.0 = Debug|Any CPU
		{E3C7520D-AE41-4874-85A4-37C9759B5B90}.Release|Any CPU.ActiveCfg = Release|Any CPU
		{E3C7520D-AE41-4874-85A4-37C9759B5B90}.Release|Any CPU.Build.0 = Release|Any CPU
		{6765CB12-18FD-4DDE-8346-52366B55E5B6}.Debug|Any CPU.ActiveCfg = Debug|Any CPU
		{6765CB12-18FD-4DDE-8346-52366B55E5B6}.Debug|Any CPU.Build.0 = Debug|Any CPU
		{6765CB12-18FD-4DDE-8346-52366B55E5B6}.Release|Any CPU.ActiveCfg = Release|Any CPU
		{6765CB12-18FD-4DDE-8346-52366B55E5B6}.Release|Any CPU.Build.0 = Release|Any CPU
		{104A643B-4754-46F7-8E25-9EA0399B5181}.Debug|Any CPU.ActiveCfg = Debug|Any CPU
		{104A643B-4754-46F7-8E25-9EA0399B5181}.Debug|Any CPU.Build.0 = Debug|Any CPU
		{104A643B-4754-46F7-8E25-9EA0399B5181}.Release|Any CPU.ActiveCfg = Release|Any CPU
		{104A643B-4754-46F7-8E25-9EA0399B5181}.Release|Any CPU.Build.0 = Release|Any CPU
		{CABB4CF8-611A-48A6-AF03-84DFFA5A0175}.Debug|Any CPU.ActiveCfg = Debug|Any CPU
		{CABB4CF8-611A-48A6-AF03-84DFFA5A0175}.Debug|Any CPU.Build.0 = Debug|Any CPU
		{CABB4CF8-611A-48A6-AF03-84DFFA5A0175}.Release|Any CPU.ActiveCfg = Release|Any CPU
		{CABB4CF8-611A-48A6-AF03-84DFFA5A0175}.Release|Any CPU.Build.0 = Release|Any CPU
		{876FD9B4-C5EA-4166-8875-643332BC39BF}.Debug|Any CPU.ActiveCfg = Debug|Any CPU
		{876FD9B4-C5EA-4166-8875-643332BC39BF}.Debug|Any CPU.Build.0 = Debug|Any CPU
		{876FD9B4-C5EA-4166-8875-643332BC39BF}.Release|Any CPU.ActiveCfg = Release|Any CPU
		{876FD9B4-C5EA-4166-8875-643332BC39BF}.Release|Any CPU.Build.0 = Release|Any CPU
		{55248802-6062-4AA9-820E-152E2CD6A4A1}.Debug|Any CPU.ActiveCfg = Debug|Any CPU
		{55248802-6062-4AA9-820E-152E2CD6A4A1}.Debug|Any CPU.Build.0 = Debug|Any CPU
		{55248802-6062-4AA9-820E-152E2CD6A4A1}.Release|Any CPU.ActiveCfg = Release|Any CPU
		{55248802-6062-4AA9-820E-152E2CD6A4A1}.Release|Any CPU.Build.0 = Release|Any CPU
		{5DEB02BB-46B9-4991-B59D-1ADD58CA3C43}.Debug|Any CPU.ActiveCfg = Debug|Any CPU
		{5DEB02BB-46B9-4991-B59D-1ADD58CA3C43}.Debug|Any CPU.Build.0 = Debug|Any CPU
		{5DEB02BB-46B9-4991-B59D-1ADD58CA3C43}.Release|Any CPU.ActiveCfg = Release|Any CPU
		{5DEB02BB-46B9-4991-B59D-1ADD58CA3C43}.Release|Any CPU.Build.0 = Release|Any CPU
	EndGlobalSection
	GlobalSection(SolutionProperties) = preSolution
		HideSolutionNode = FALSE
	EndGlobalSection
	GlobalSection(NestedProjects) = preSolution
		{E3C7520D-AE41-4874-85A4-37C9759B5B90} = {D8CB9F66-FCF8-4360-BECB-1EBA7EB817CE}
		{6765CB12-18FD-4DDE-8346-52366B55E5B6} = {D11E251C-8B8F-4C41-9DE6-4AC65D0E4AA1}
		{104A643B-4754-46F7-8E25-9EA0399B5181} = {5E9E3347-D11D-46A1-B863-A39E43AF680F}
		{CABB4CF8-611A-48A6-AF03-84DFFA5A0175} = {5A93B1D6-E059-49F0-A616-F35BDB8C2492}
		{876FD9B4-C5EA-4166-8875-643332BC39BF} = {0E1DAF0B-8E70-4911-ADAB-4E9BB668E0C8}
		{55248802-6062-4AA9-820E-152E2CD6A4A1} = {8038B60C-6CBE-4FCD-A7C1-A43D96D4A721}
		{5DEB02BB-46B9-4991-B59D-1ADD58CA3C43} = {8038B60C-6CBE-4FCD-A7C1-A43D96D4A721}
	EndGlobalSection
	GlobalSection(ExtensibilityGlobals) = postSolution
		SolutionGuid = {BD7D0DFC-F684-4C87-9127-A8021D8F77AD}
	EndGlobalSection
EndGlobal
